
Microsoft Visual Studio Solution File, Format Version 12.00
# Visual Studio Version 17
VisualStudioVersion = 17.4.33110.190
MinimumVisualStudioVersion = 10.0.40219.1
Project("{9A19103F-16F7-4668-BE54-9A1E7A4F7556}") = "JournalApiApp", "JournalApiApp.csproj", "{A115C973-AE61-41D4-AED4-4AC48427BAEA}"
EndProject
Project("{9A19103F-16F7-4668-BE54-9A1E7A4F7556}") = "JournalWebApplication", "..\JournalWebApplication\JournalWebApplication.csproj", "{5A1F6998-2998-400F-A3E5-0EECE16B3281}"
EndProject
Global
	GlobalSection(SolutionConfigurationPlatforms) = preSolution
		Debug|Any CPU = Debug|Any CPU
		Release|Any CPU = Release|Any CPU
	EndGlobalSection
	GlobalSection(ProjectConfigurationPlatforms) = postSolution
		{A115C973-AE61-41D4-AED4-4AC48427BAEA}.Debug|Any CPU.ActiveCfg = Debug|Any CPU
		{A115C973-AE61-41D4-AED4-4AC48427BAEA}.Debug|Any CPU.Build.0 = Debug|Any CPU
		{A115C973-AE61-41D4-AED4-4AC48427BAEA}.Release|Any CPU.ActiveCfg = Release|Any CPU
		{A115C973-AE61-41D4-AED4-4AC48427BAEA}.Release|Any CPU.Build.0 = Release|Any CPU
		{5A1F6998-2998-400F-A3E5-0EECE16B3281}.Debug|Any CPU.ActiveCfg = Debug|Any CPU
		{5A1F6998-2998-400F-A3E5-0EECE16B3281}.Debug|Any CPU.Build.0 = Debug|Any CPU
		{5A1F6998-2998-400F-A3E5-0EECE16B3281}.Release|Any CPU.ActiveCfg = Release|Any CPU
		{5A1F6998-2998-400F-A3E5-0EECE16B3281}.Release|Any CPU.Build.0 = Release|Any CPU
	EndGlobalSection
	GlobalSection(SolutionProperties) = preSolution
		HideSolutionNode = FALSE
	EndGlobalSection
	GlobalSection(ExtensibilityGlobals) = postSolution
		SolutionGuid = {5336BC3A-D98C-43EF-B014-149F0EB20645}
	EndGlobalSection
EndGlobal
